
Microsoft Visual Studio Solution File, Format Version 12.00
# Visual Studio 15
VisualStudioVersion = 15.0.28307.572
MinimumVisualStudioVersion = 10.0.40219.1
Project("{FAE04EC0-301F-11D3-BF4B-00C04F79EFBC}") = "WavVisualize", "WavVisualize\WavVisualize.csproj", "{0CC71D39-4ADF-4039-8740-51F17BD11C18}"
EndProject
Global
	GlobalSection(SolutionConfigurationPlatforms) = preSolution
		Debug|Any CPU = Debug|Any CPU
		Release|Any CPU = Release|Any CPU
	EndGlobalSection
	GlobalSection(ProjectConfigurationPlatforms) = postSolution
		{0CC71D39-4ADF-4039-8740-51F17BD11C18}.Debug|Any CPU.ActiveCfg = Debug|Any CPU
		{0CC71D39-4ADF-4039-8740-51F17BD11C18}.Debug|Any CPU.Build.0 = Debug|Any CPU
		{0CC71D39-4ADF-4039-8740-51F17BD11C18}.Release|Any CPU.ActiveCfg = Release|Any CPU
		{0CC71D39-4ADF-4039-8740-51F17BD11C18}.Release|Any CPU.Build.0 = Release|Any CPU
	EndGlobalSection
	GlobalSection(SolutionProperties) = preSolution
		HideSolutionNode = FALSE
	EndGlobalSection
	GlobalSection(ExtensibilityGlobals) = postSolution
		SolutionGuid = {3246BF48-6113-4AB3-84AC-9BA5CEADB3B0}
	EndGlobalSection
EndGlobal
